Microsoft Visual Studio Solution File, Format Version 11.00
# Visual Studio 2010
Project("{FAE04EC0-301F-11D3-BF4B-00C04F79EFBC}") = "nfl-outlast", "nfl-outlast\nfl-outlast.csproj", "{E58491C9-D8E0-4FE5-BE0F-8EF14AEC61E7}"
EndProject
Project("{FAE04EC0-301F-11D3-BF4B-00C04F79EFBC}") = "nfl-outlast.tests", "nfl-outlast.tests\nfl-outlast.tests.csproj", "{C78F9793-37A8-4CC9-93F3-7867F80A8F59}"
EndProject
Global
	GlobalSection(SolutionConfigurationPlatforms) = preSolution
		Debug|Any CPU = Debug|Any CPU
		Release|Any CPU = Release|Any CPU
	EndGlobalSection
	GlobalSection(ProjectConfigurationPlatforms) = postSolution
		{E58491C9-D8E0-4FE5-BE0F-8EF14AEC61E7}.Debug|Any CPU.ActiveCfg = Debug|Any CPU
		{E58491C9-D8E0-4FE5-BE0F-8EF14AEC61E7}.Debug|Any CPU.Build.0 = Debug|Any CPU
		{E58491C9-D8E0-4FE5-BE0F-8EF14AEC61E7}.Release|Any CPU.ActiveCfg = Release|Any CPU
		{E58491C9-D8E0-4FE5-BE0F-8EF14AEC61E7}.Release|Any CPU.Build.0 = Release|Any CPU
		{C78F9793-37A8-4CC9-93F3-7867F80A8F59}.Debug|Any CPU.ActiveCfg = Debug|Any CPU
		{C78F9793-37A8-4CC9-93F3-7867F80A8F59}.Debug|Any CPU.Build.0 = Debug|Any CPU
		{C78F9793-37A8-4CC9-93F3-7867F80A8F59}.Release|Any CPU.ActiveCfg = Release|Any CPU
		{C78F9793-37A8-4CC9-93F3-7867F80A8F59}.Release|Any CPU.Build.0 = Release|Any CPU
	EndGlobalSection
	GlobalSection(SolutionProperties) = preSolution
		HideSolutionNode = FALSE
	EndGlobalSection
EndGlobal
